
Microsoft Visual Studio Solution File, Format Version 11.00
# Visual Studio 2010
Project("{FAE04EC0-301F-11D3-BF4B-00C04F79EFBC}") = "WCFDynamicFields.Host", "WCFDynamicFields\WCFDynamicFields.Host.csproj", "{3B9C8C53-3B47-4894-BB5A-FAC1D7B46B2F}"
EndProject
Project("{2150E333-8FDC-42A3-9474-1A3956D46DE8}") = "Dependency", "Dependency", "{1E580B9A-B278-4E73-BD97-D58AB4FFCDFB}"
	ProjectSection(SolutionItems) = preProject
		Dependency\Newtonsoft.Json.dll = Dependency\Newtonsoft.Json.dll
	EndProjectSection
EndProject
Project("{FAE04EC0-301F-11D3-BF4B-00C04F79EFBC}") = "WCFDynamicFields.Contracts", "WCFDynamicFields.Contracts\WCFDynamicFields.Contracts.csproj", "{6BD77817-BD55-4BD1-B35A-D32BCD14CB67}"
EndProject
Project("{FAE04EC0-301F-11D3-BF4B-00C04F79EFBC}") = "WCFDynamicFields.Services", "WCFDynamicFields.Services\WCFDynamicFields.Services.csproj", "{CDD0C096-2964-4231-BAA5-303E5C056F47}"
EndProject
Project("{FAE04EC0-301F-11D3-BF4B-00C04F79EFBC}") = "WCFDynamicFields.CustomServiceBehaviors", "WCFDynamicFields.CustomServiceBehaviors\WCFDynamicFields.CustomServiceBehaviors.csproj", "{A40B45E6-DBFE-4721-B720-01E1E28A2132}"
EndProject
Global
	GlobalSection(SolutionConfigurationPlatforms) = preSolution
		Debug|Any CPU = Debug|Any CPU
		Debug|Mixed Platforms = Debug|Mixed Platforms
		Debug|x86 = Debug|x86
		Release|Any CPU = Release|Any CPU
		Release|Mixed Platforms = Release|Mixed Platforms
		Release|x86 = Release|x86
	EndGlobalSection
	GlobalSection(ProjectConfigurationPlatforms) = postSolution
		{3B9C8C53-3B47-4894-BB5A-FAC1D7B46B2F}.Debug|Any CPU.ActiveCfg = Debug|x86
		{3B9C8C53-3B47-4894-BB5A-FAC1D7B46B2F}.Debug|Mixed Platforms.ActiveCfg = Debug|x86
		{3B9C8C53-3B47-4894-BB5A-FAC1D7B46B2F}.Debug|Mixed Platforms.Build.0 = Debug|x86
		{3B9C8C53-3B47-4894-BB5A-FAC1D7B46B2F}.Debug|x86.ActiveCfg = Debug|x86
		{3B9C8C53-3B47-4894-BB5A-FAC1D7B46B2F}.Debug|x86.Build.0 = Debug|x86
		{3B9C8C53-3B47-4894-BB5A-FAC1D7B46B2F}.Release|Any CPU.ActiveCfg = Release|x86
		{3B9C8C53-3B47-4894-BB5A-FAC1D7B46B2F}.Release|Mixed Platforms.ActiveCfg = Release|x86
		{3B9C8C53-3B47-4894-BB5A-FAC1D7B46B2F}.Release|Mixed Platforms.Build.0 = Release|x86
		{3B9C8C53-3B47-4894-BB5A-FAC1D7B46B2F}.Release|x86.ActiveCfg = Release|x86
		{3B9C8C53-3B47-4894-BB5A-FAC1D7B46B2F}.Release|x86.Build.0 = Release|x86
		{6BD77817-BD55-4BD1-B35A-D32BCD14CB67}.Debug|Any CPU.ActiveCfg = Debug|Any CPU
		{6BD77817-BD55-4BD1-B35A-D32BCD14CB67}.Debug|Any CPU.Build.0 = Debug|Any CPU
		{6BD77817-BD55-4BD1-B35A-D32BCD14CB67}.Debug|Mixed Platforms.ActiveCfg = Debug|Any CPU
		{6BD77817-BD55-4BD1-B35A-D32BCD14CB67}.Debug|Mixed Platforms.Build.0 = Debug|Any CPU
		{6BD77817-BD55-4BD1-B35A-D32BCD14CB67}.Debug|x86.ActiveCfg = Debug|Any CPU
		{6BD77817-BD55-4BD1-B35A-D32BCD14CB67}.Release|Any CPU.ActiveCfg = Release|Any CPU
		{6BD77817-BD55-4BD1-B35A-D32BCD14CB67}.Release|Any CPU.Build.0 = Release|Any CPU
		{6BD77817-BD55-4BD1-B35A-D32BCD14CB67}.Release|Mixed Platforms.ActiveCfg = Release|Any CPU
		{6BD77817-BD55-4BD1-B35A-D32BCD14CB67}.Release|Mixed Platforms.Build.0 = Release|Any CPU
		{6BD77817-BD55-4BD1-B35A-D32BCD14CB67}.Release|x86.ActiveCfg = Release|Any CPU
		{CDD0C096-2964-4231-BAA5-303E5C056F47}.Debug|Any CPU.ActiveCfg = Debug|Any CPU
		{CDD0C096-2964-4231-BAA5-303E5C056F47}.Debug|Any CPU.Build.0 = Debug|Any CPU
		{CDD0C096-2964-4231-BAA5-303E5C056F47}.Debug|Mixed Platforms.ActiveCfg = Debug|Any CPU
		{CDD0C096-2964-4231-BAA5-303E5C056F47}.Debug|Mixed Platforms.Build.0 = Debug|Any CPU
		{CDD0C096-2964-4231-BAA5-303E5C056F47}.Debug|x86.ActiveCfg = Debug|Any CPU
		{CDD0C096-2964-4231-BAA5-303E5C056F47}.Release|Any CPU.ActiveCfg = Release|Any CPU
		{CDD0C096-2964-4231-BAA5-303E5C056F47}.Release|Any CPU.Build.0 = Release|Any CPU
		{CDD0C096-2964-4231-BAA5-303E5C056F47}.Release|Mixed Platforms.ActiveCfg = Release|Any CPU
		{CDD0C096-2964-4231-BAA5-303E5C056F47}.Release|Mixed Platforms.Build.0 = Release|Any CPU
		{CDD0C096-2964-4231-BAA5-303E5C056F47}.Release|x86.ActiveCfg = Release|Any CPU
		{A40B45E6-DBFE-4721-B720-01E1E28A2132}.Debug|Any CPU.ActiveCfg = Debug|Any CPU
		{A40B45E6-DBFE-4721-B720-01E1E28A2132}.Debug|Any CPU.Build.0 = Debug|Any CPU
		{A40B45E6-DBFE-4721-B720-01E1E28A2132}.Debug|Mixed Platforms.ActiveCfg = Debug|Any CPU
		{A40B45E6-DBFE-4721-B720-01E1E28A2132}.Debug|Mixed Platforms.Build.0 = Debug|Any CPU
		{A40B45E6-DBFE-4721-B720-01E1E28A2132}.Debug|x86.ActiveCfg = Debug|Any CPU
		{A40B45E6-DBFE-4721-B720-01E1E28A2132}.Release|Any CPU.ActiveCfg = Release|Any CPU
		{A40B45E6-DBFE-4721-B720-01E1E28A2132}.Release|Any CPU.Build.0 = Release|Any CPU
		{A40B45E6-DBFE-4721-B720-01E1E28A2132}.Release|Mixed Platforms.ActiveCfg = Release|Any CPU
		{A40B45E6-DBFE-4721-B720-01E1E28A2132}.Release|Mixed Platforms.Build.0 = Release|Any CPU
		{A40B45E6-DBFE-4721-B720-01E1E28A2132}.Release|x86.ActiveCfg = Release|Any CPU
	EndGlobalSection
	GlobalSection(SolutionProperties) = preSolution
		HideSolutionNode = FALSE
	EndGlobalSection
EndGlobal
